
Microsoft Visual Studio Solution File, Format Version 12.00
# Visual Studio Version 16
VisualStudioVersion = 16.0.29201.188
MinimumVisualStudioVersion = 10.0.40219.1
Project("{FAE04EC0-301F-11D3-BF4B-00C04F79EFBC}") = "XuatFileExcel1", "XuatFileExcel1\XuatFileExcel1.csproj", "{EE7DBF3F-1A8D-4A59-9C00-1C94203346D3}"
EndProject
Global
	GlobalSection(SolutionConfigurationPlatforms) = preSolution
		Debug|Any CPU = Debug|Any CPU
		Release|Any CPU = Release|Any CPU
	EndGlobalSection
	GlobalSection(ProjectConfigurationPlatforms) = postSolution
		{EE7DBF3F-1A8D-4A59-9C00-1C94203346D3}.Debug|Any CPU.ActiveCfg = Debug|Any CPU
		{EE7DBF3F-1A8D-4A59-9C00-1C94203346D3}.Debug|Any CPU.Build.0 = Debug|Any CPU
		{EE7DBF3F-1A8D-4A59-9C00-1C94203346D3}.Release|Any CPU.ActiveCfg = Release|Any CPU
		{EE7DBF3F-1A8D-4A59-9C00-1C94203346D3}.Release|Any CPU.Build.0 = Release|Any CPU
	EndGlobalSection
	GlobalSection(SolutionProperties) = preSolution
		HideSolutionNode = FALSE
	EndGlobalSection
	GlobalSection(ExtensibilityGlobals) = postSolution
		SolutionGuid = {86245FF2-8BF3-462F-B703-7363EFFED3FD}
	EndGlobalSection
EndGlobal
